// !$*UTF8*$!
{
	archiveVersion = 1;
	classes = {
	};
	objectVersion = 55;
	objects = {

/* Begin PBXBuildFile section */
		5F1C2BBB28DDC81A0094F8E0 /* ApiTargetType.swift in Sources */ = {isa = PBXBuildFile; fileRef = 5F1C2BBA28DDC81A0094F8E0 /* ApiTargetType.swift */; };
		5FCCF0EB27E17713003F8C15 /* AppDelegate.swift in Sources */ = {isa = PBXBuildFile; fileRef = 5FCCF0EA27E17713003F8C15 /* AppDelegate.swift */; };
		5FCCF0F427E17714003F8C15 /* Assets.xcassets in Resources */ = {isa = PBXBuildFile; fileRef = 5FCCF0F327E17714003F8C15 /* Assets.xcassets */; };
		5FCCF0F727E17714003F8C15 /* LaunchScreen.storyboard in Resources */ = {isa = PBXBuildFile; fileRef = 5FCCF0F527E17714003F8C15 /* LaunchScreen.storyboard */; };
		5FCCF10627E17B4B003F8C15 /* NetworkingProtocol.swift in Sources */ = {isa = PBXBuildFile; fileRef = 5FCCF10527E17B4B003F8C15 /* NetworkingProtocol.swift */; };
		5FCD685E28DDEF650091F5C3 /* ImageLoader.swift in Sources */ = {isa = PBXBuildFile; fileRef = 5FCD685D28DDEF650091F5C3 /* ImageLoader.swift */; };
		5FCD686028DDF2B00091F5C3 /* UIImageView + Extension.swift in Sources */ = {isa = PBXBuildFile; fileRef = 5FCD685F28DDF2B00091F5C3 /* UIImageView + Extension.swift */; };
		5FD4559027E1817700E19829 /* HomeRouter.swift in Sources */ = {isa = PBXBuildFile; fileRef = 5FD4558F27E1817700E19829 /* HomeRouter.swift */; };
		5FD4559527E182A100E19829 /* HomeViewEffector.swift in Sources */ = {isa = PBXBuildFile; fileRef = 5FD4559127E182A100E19829 /* HomeViewEffector.swift */; };
		5FD4559727E182A100E19829 /* HomeViewViewController.swift in Sources */ = {isa = PBXBuildFile; fileRef = 5FD4559327E182A100E19829 /* HomeViewViewController.swift */; };
		5FD4559827E182A100E19829 /* HomeViewReactor.swift in Sources */ = {isa = PBXBuildFile; fileRef = 5FD4559427E182A100E19829 /* HomeViewReactor.swift */; };
		5FD4559A27E182FA00E19829 /* HomeRepositories.swift in Sources */ = {isa = PBXBuildFile; fileRef = 5FD4559927E182FA00E19829 /* HomeRepositories.swift */; };
		5FD4559C27E1845C00E19829 /* HomeApi.swift in Sources */ = {isa = PBXBuildFile; fileRef = 5FD4559B27E1845C00E19829 /* HomeApi.swift */; };
		5FD4559E27E184E300E19829 /* DebugLog.swift in Sources */ = {isa = PBXBuildFile; fileRef = 5FD4559D27E184E300E19829 /* DebugLog.swift */; };
		5FD455A127E1852300E19829 /* BaseViewController.swift in Sources */ = {isa = PBXBuildFile; fileRef = 5FD455A027E1852300E19829 /* BaseViewController.swift */; };
		5FD455AE27E1954C00E19829 /* TitleCollectionViewCell.swift in Sources */ = {isa = PBXBuildFile; fileRef = 5FD455AC27E1954C00E19829 /* TitleCollectionViewCell.swift */; };
		5FD455AF27E1954C00E19829 /* TitleCellReactor.swift in Sources */ = {isa = PBXBuildFile; fileRef = 5FD455AD27E1954C00E19829 /* TitleCellReactor.swift */; };
		5FD455B227E1955500E19829 /* ImageCollectionViewCell.swift in Sources */ = {isa = PBXBuildFile; fileRef = 5FD455B027E1955500E19829 /* ImageCollectionViewCell.swift */; };
		5FD455B327E1955500E19829 /* ImageCellReactor.swift in Sources */ = {isa = PBXBuildFile; fileRef = 5FD455B127E1955500E19829 /* ImageCellReactor.swift */; };
		5FD455B527E1959F00E19829 /* RepoSection.swift in Sources */ = {isa = PBXBuildFile; fileRef = 5FD455B427E1959F00E19829 /* RepoSection.swift */; };
		5FD455B727E196D300E19829 /* BaseCollectionViewCell.swift in Sources */ = {isa = PBXBuildFile; fileRef = 5FD455B627E196D300E19829 /* BaseCollectionViewCell.swift */; };
		5FD455BC27E19AE300E19829 /* RepoEntities.swift in Sources */ = {isa = PBXBuildFile; fileRef = 5FD455BB27E19AE300E19829 /* RepoEntities.swift */; };
		5FD455C427E1BCD300E19829 /* DetailViewController.swift in Sources */ = {isa = PBXBuildFile; fileRef = 5FD455C027E1BCD300E19829 /* DetailViewController.swift */; };
		627090740ADDCF990830DC10 /* Pods_GitIssuesExample.framework in Frameworks */ = {isa = PBXBuildFile; fileRef = 0AC1F29E0C692CBCBFB5477C /* Pods_GitIssuesExample.framework */; };
/* End PBXBuildFile section */

/* Begin PBXFileReference section */
		0AC1F29E0C692CBCBFB5477C /* Pods_GitIssuesExample.framework */ = {isa = PBXFileReference; explicitFileType = wrapper.framework; includeInIndex = 0; path = Pods_GitIssuesExample.framework; sourceTree = BUILT_PRODUCTS_DIR; };
		1A95CD4617FA9C5DB1234131 /* Pods-GitIssuesExample.debug.xcconfig */ = {isa = PBXFileReference; includeInIndex = 1; lastKnownFileType = text.xcconfig; name = "Pods-GitIssuesExample.debug.xcconfig"; path = "Target Support Files/Pods-GitIssuesExample/Pods-GitIssuesExample.debug.xcconfig"; sourceTree = "<group>"; };
		5F1C2BBA28DDC81A0094F8E0 /* ApiTargetType.swift */ = {isa = PBXFileReference; lastKnownFileType = sourcecode.swift; path = ApiTargetType.swift; sourceTree = "<group>"; };
		5FCCF0E727E17713003F8C15 /* GitIssuesExample.app */ = {isa = PBXFileReference; explicitFileType = wrapper.application; includeInIndex = 0; path = GitIssuesExample.app; sourceTree = BUILT_PRODUCTS_DIR; };
		5FCCF0EA27E17713003F8C15 /* AppDelegate.swift */ = {isa = PBXFileReference; lastKnownFileType = sourcecode.swift; path = AppDelegate.swift; sourceTree = "<group>"; };
		5FCCF0F327E17714003F8C15 /* Assets.xcassets */ = {isa = PBXFileReference; lastKnownFileType = folder.assetcatalog; path = Assets.xcassets; sourceTree = "<group>"; };
		5FCCF0F627E17714003F8C15 /* Base */ = {isa = PBXFileReference; lastKnownFileType = file.storyboard; name = Base; path = Base.lproj/LaunchScreen.storyboard; sourceTree = "<group>"; };
		5FCCF0F827E17714003F8C15 /* Info.plist */ = {isa = PBXFileReference; lastKnownFileType = text.plist.xml; path = Info.plist; sourceTree = "<group>"; };
		5FCCF10527E17B4B003F8C15 /* NetworkingProtocol.swift */ = {isa = PBXFileReference; lastKnownFileType = sourcecode.swift; path = NetworkingProtocol.swift; sourceTree = "<group>"; };
		5FCD685D28DDEF650091F5C3 /* ImageLoader.swift */ = {isa = PBXFileReference; lastKnownFileType = sourcecode.swift; path = ImageLoader.swift; sourceTree = "<group>"; };
		5FCD685F28DDF2B00091F5C3 /* UIImageView + Extension.swift */ = {isa = PBXFileReference; lastKnownFileType = sourcecode.swift; path = "UIImageView + Extension.swift"; sourceTree = "<group>"; };
		5FD4558F27E1817700E19829 /* HomeRouter.swift */ = {isa = PBXFileReference; lastKnownFileType = sourcecode.swift; path = HomeRouter.swift; sourceTree = "<group>"; };
		5FD4559127E182A100E19829 /* HomeViewEffector.swift */ = {isa = PBXFileReference; lastKnownFileType = sourcecode.swift; path = HomeViewEffector.swift; sourceTree = "<group>"; };
		5FD4559327E182A100E19829 /* HomeViewViewController.swift */ = {isa = PBXFileReference; lastKnownFileType = sourcecode.swift; path = HomeViewViewController.swift; sourceTree = "<group>"; };
		5FD4559427E182A100E19829 /* HomeViewReactor.swift */ = {isa = PBXFileReference; lastKnownFileType = sourcecode.swift; path = HomeViewReactor.swift; sourceTree = "<group>"; };
		5FD4559927E182FA00E19829 /* HomeRepositories.swift */ = {isa = PBXFileReference; lastKnownFileType = sourcecode.swift; path = HomeRepositories.swift; sourceTree = "<group>"; };
		5FD4559B27E1845C00E19829 /* HomeApi.swift */ = {isa = PBXFileReference; lastKnownFileType = sourcecode.swift; path = HomeApi.swift; sourceTree = "<group>"; };
		5FD4559D27E184E300E19829 /* DebugLog.swift */ = {isa = PBXFileReference; lastKnownFileType = sourcecode.swift; path = DebugLog.swift; sourceTree = "<group>"; };
		5FD455A027E1852300E19829 /* BaseViewController.swift */ = {isa = PBXFileReference; lastKnownFileType = sourcecode.swift; path = BaseViewController.swift; sourceTree = "<group>"; };
		5FD455AC27E1954C00E19829 /* TitleCollectionViewCell.swift */ = {isa = PBXFileReference; lastKnownFileType = sourcecode.swift; path = TitleCollectionViewCell.swift; sourceTree = "<group>"; };
		5FD455AD27E1954C00E19829 /* TitleCellReactor.swift */ = {isa = PBXFileReference; lastKnownFileType = sourcecode.swift; path = TitleCellReactor.swift; sourceTree = "<group>"; };
		5FD455B027E1955500E19829 /* ImageCollectionViewCell.swift */ = {isa = PBXFileReference; lastKnownFileType = sourcecode.swift; path = ImageCollectionViewCell.swift; sourceTree = "<group>"; };
		5FD455B127E1955500E19829 /* ImageCellReactor.swift */ = {isa = PBXFileReference; lastKnownFileType = sourcecode.swift; path = ImageCellReactor.swift; sourceTree = "<group>"; };
		5FD455B427E1959F00E19829 /* RepoSection.swift */ = {isa = PBXFileReference; lastKnownFileType = sourcecode.swift; path = RepoSection.swift; sourceTree = "<group>"; };
		5FD455B627E196D300E19829 /* BaseCollectionViewCell.swift */ = {isa = PBXFileReference; lastKnownFileType = sourcecode.swift; path = BaseCollectionViewCell.swift; sourceTree = "<group>"; };
		5FD455BB27E19AE300E19829 /* RepoEntities.swift */ = {isa = PBXFileReference; lastKnownFileType = sourcecode.swift; path = RepoEntities.swift; sourceTree = "<group>"; };
		5FD455C027E1BCD300E19829 /* DetailViewController.swift */ = {isa = PBXFileReference; lastKnownFileType = sourcecode.swift; path = DetailViewController.swift; sourceTree = "<group>"; };
		A26B647B780D5AA518C29A37 /* Pods-GitIssuesExample.release.xcconfig */ = {isa = PBXFileReference; includeInIndex = 1; lastKnownFileType = text.xcconfig; name = "Pods-GitIssuesExample.release.xcconfig"; path = "Target Support Files/Pods-GitIssuesExample/Pods-GitIssuesExample.release.xcconfig"; sourceTree = "<group>"; };
/* End PBXFileReference section */

/* Begin PBXFrameworksBuildPhase section */
		5FCCF0E427E17713003F8C15 /* Frameworks */ = {
			isa = PBXFrameworksBuildPhase;
			buildActionMask = 2147483647;
			files = (
				627090740ADDCF990830DC10 /* Pods_GitIssuesExample.framework in Frameworks */,
			);
			runOnlyForDeploymentPostprocessing = 0;
		};
/* End PBXFrameworksBuildPhase section */

/* Begin PBXGroup section */
		5FCCF0DE27E17713003F8C15 = {
			isa = PBXGroup;
			children = (
				5FCCF0E927E17713003F8C15 /* GitIssuesExample */,
				5FCCF0E827E17713003F8C15 /* Products */,
				F174D19243FDFA4CD6A6B104 /* Pods */,
				BF333C1488699C499027E5EB /* Frameworks */,
			);
			sourceTree = "<group>";
		};
		5FCCF0E827E17713003F8C15 /* Products */ = {
			isa = PBXGroup;
			children = (
				5FCCF0E727E17713003F8C15 /* GitIssuesExample.app */,
			);
			name = Products;
			sourceTree = "<group>";
		};
		5FCCF0E927E17713003F8C15 /* GitIssuesExample */ = {
			isa = PBXGroup;
			children = (
				5FCD685C28DDEF570091F5C3 /* Common */,
				5FCCF10427E17A43003F8C15 /* Entity */,
				5FCCF10327E17A38003F8C15 /* Router */,
				5FCCF10227E17A2F003F8C15 /* Repositories */,
				5FCCF10127E179E5003F8C15 /* Apis */,
				5FCCF10027E179DC003F8C15 /* Networking */,
				5FCCF0FF27E179B4003F8C15 /* Scene */,
				5FCCF0FE27E179A2003F8C15 /* SupportFiles */,
			);
			path = GitIssuesExample;
			sourceTree = "<group>";
		};
		5FCCF0FE27E179A2003F8C15 /* SupportFiles */ = {
			isa = PBXGroup;
			children = (
				5FCCF0F827E17714003F8C15 /* Info.plist */,
				5FCCF0EA27E17713003F8C15 /* AppDelegate.swift */,
				5FCCF0F327E17714003F8C15 /* Assets.xcassets */,
				5FCCF0F527E17714003F8C15 /* LaunchScreen.storyboard */,
			);
			path = SupportFiles;
			sourceTree = "<group>";
		};
		5FCCF0FF27E179B4003F8C15 /* Scene */ = {
			isa = PBXGroup;
			children = (
				5FD455BD27E1BCC300E19829 /* Detail */,
				5FD4559F27E1850A00E19829 /* Base */,
				5FD455A427E191D000E19829 /* Home */,
			);
			path = Scene;
			sourceTree = "<group>";
		};
		5FCCF10027E179DC003F8C15 /* Networking */ = {
			isa = PBXGroup;
			children = (
				5FCCF10527E17B4B003F8C15 /* NetworkingProtocol.swift */,
				5FD4559D27E184E300E19829 /* DebugLog.swift */,
				5F1C2BBA28DDC81A0094F8E0 /* ApiTargetType.swift */,
			);
			path = Networking;
			sourceTree = "<group>";
		};
		5FCCF10127E179E5003F8C15 /* Apis */ = {
			isa = PBXGroup;
			children = (
				5FD4559B27E1845C00E19829 /* HomeApi.swift */,
			);
			path = Apis;
			sourceTree = "<group>";
		};
		5FCCF10227E17A2F003F8C15 /* Repositories */ = {
			isa = PBXGroup;
			children = (
				5FD4559927E182FA00E19829 /* HomeRepositories.swift */,
			);
			path = Repositories;
			sourceTree = "<group>";
		};
		5FCCF10327E17A38003F8C15 /* Router */ = {
			isa = PBXGroup;
			children = (
				5FD4558F27E1817700E19829 /* HomeRouter.swift */,
			);
			path = Router;
			sourceTree = "<group>";
		};
		5FCCF10427E17A43003F8C15 /* Entity */ = {
			isa = PBXGroup;
			children = (
				5FD455BB27E19AE300E19829 /* RepoEntities.swift */,
			);
			path = Entity;
			sourceTree = "<group>";
		};
		5FCD685C28DDEF570091F5C3 /* Common */ = {
			isa = PBXGroup;
			children = (
				5FCD685D28DDEF650091F5C3 /* ImageLoader.swift */,
				5FCD685F28DDF2B00091F5C3 /* UIImageView + Extension.swift */,
			);
			path = Common;
			sourceTree = "<group>";
		};
		5FD4559F27E1850A00E19829 /* Base */ = {
			isa = PBXGroup;
			children = (
				5FD455A027E1852300E19829 /* BaseViewController.swift */,
				5FD455B627E196D300E19829 /* BaseCollectionViewCell.swift */,
			);
			name = Base;
			sourceTree = "<group>";
		};
		5FD455A427E191D000E19829 /* Home */ = {
			isa = PBXGroup;
			children = (
				5FD455AB27E1953900E19829 /* Cells */,
				5FD4559127E182A100E19829 /* HomeViewEffector.swift */,
				5FD4559327E182A100E19829 /* HomeViewViewController.swift */,
				5FD4559427E182A100E19829 /* HomeViewReactor.swift */,
			);
			name = Home;
			sourceTree = "<group>";
		};
		5FD455AB27E1953900E19829 /* Cells */ = {
			isa = PBXGroup;
			children = (
				5FD455AC27E1954C00E19829 /* TitleCollectionViewCell.swift */,
				5FD455AD27E1954C00E19829 /* TitleCellReactor.swift */,
				5FD455B027E1955500E19829 /* ImageCollectionViewCell.swift */,
				5FD455B127E1955500E19829 /* ImageCellReactor.swift */,
				5FD455B427E1959F00E19829 /* RepoSection.swift */,
			);
			path = Cells;
			sourceTree = "<group>";
		};
		5FD455BD27E1BCC300E19829 /* Detail */ = {
			isa = PBXGroup;
			children = (
				5FD455C027E1BCD300E19829 /* DetailViewController.swift */,
			);
			path = Detail;
			sourceTree = "<group>";
		};
		BF333C1488699C499027E5EB /* Frameworks */ = {
			isa = PBXGroup;
			children = (
				0AC1F29E0C692CBCBFB5477C /* Pods_GitIssuesExample.framework */,
			);
			name = Frameworks;
			sourceTree = "<group>";
		};
		F174D19243FDFA4CD6A6B104 /* Pods */ = {
			isa = PBXGroup;
			children = (
				1A95CD4617FA9C5DB1234131 /* Pods-GitIssuesExample.debug.xcconfig */,
				A26B647B780D5AA518C29A37 /* Pods-GitIssuesExample.release.xcconfig */,
			);
			path = Pods;
			sourceTree = "<group>";
		};
/* End PBXGroup section */

/* Begin PBXNativeTarget section */
		5FCCF0E627E17713003F8C15 /* GitIssuesExample */ = {
			isa = PBXNativeTarget;
			buildConfigurationList = 5FCCF0FB27E17714003F8C15 /* Build configuration list for PBXNativeTarget "GitIssuesExample" */;
			buildPhases = (
				BDBC8E1DEAA3E4CD1A131F1A /* [CP] Check Pods Manifest.lock */,
				5FCCF0E327E17713003F8C15 /* Sources */,
				5FCCF0E427E17713003F8C15 /* Frameworks */,
				5FCCF0E527E17713003F8C15 /* Resources */,
				1490160C0B12064A4A17D30B /* [CP] Embed Pods Frameworks */,
			);
			buildRules = (
			);
			dependencies = (
			);
			name = GitIssuesExample;
			productName = GitIssuesExample;
			productReference = 5FCCF0E727E17713003F8C15 /* GitIssuesExample.app */;
			productType = "com.apple.product-type.application";
		};
/* End PBXNativeTarget section */

/* Begin PBXProject section */
		5FCCF0DF27E17713003F8C15 /* Project object */ = {
			isa = PBXProject;
			attributes = {
				BuildIndependentTargetsInParallel = 1;
				LastSwiftUpdateCheck = 1330;
				LastUpgradeCheck = 1330;
				TargetAttributes = {
					5FCCF0E627E17713003F8C15 = {
						CreatedOnToolsVersion = 13.3;
					};
				};
			};
			buildConfigurationList = 5FCCF0E227E17713003F8C15 /* Build configuration list for PBXProject "GitIssuesExample" */;
			compatibilityVersion = "Xcode 13.0";
			developmentRegion = en;
			hasScannedForEncodings = 0;
			knownRegions = (
				en,
				Base,
			);
			mainGroup = 5FCCF0DE27E17713003F8C15;
			productRefGroup = 5FCCF0E827E17713003F8C15 /* Products */;
			projectDirPath = "";
			projectRoot = "";
			targets = (
				5FCCF0E627E17713003F8C15 /* GitIssuesExample */,
			);
		};
/* End PBXProject section */

/* Begin PBXResourcesBuildPhase section */
		5FCCF0E527E17713003F8C15 /* Resources */ = {
			isa = PBXResourcesBuildPhase;
			buildActionMask = 2147483647;
			files = (
				5FCCF0F727E17714003F8C15 /* LaunchScreen.storyboard in Resources */,
				5FCCF0F427E17714003F8C15 /* Assets.xcassets in Resources */,
			);
			runOnlyForDeploymentPostprocessing = 0;
		};
/* End PBXResourcesBuildPhase section */

/* Begin PBXShellScriptBuildPhase section */
		1490160C0B12064A4A17D30B /* [CP] Embed Pods Frameworks */ = {
			isa = PBXShellScriptBuildPhase;
			buildActionMask = 2147483647;
			files = (
			);
			inputFileListPaths = (
				"${PODS_ROOT}/Target Support Files/Pods-GitIssuesExample/Pods-GitIssuesExample-frameworks-${CONFIGURATION}-input-files.xcfilelist",
			);
			name = "[CP] Embed Pods Frameworks";
			outputFileListPaths = (
				"${PODS_ROOT}/Target Support Files/Pods-GitIssuesExample/Pods-GitIssuesExample-frameworks-${CONFIGURATION}-output-files.xcfilelist",
			);
			runOnlyForDeploymentPostprocessing = 0;
			shellPath = /bin/sh;
			shellScript = "\"${PODS_ROOT}/Target Support Files/Pods-GitIssuesExample/Pods-GitIssuesExample-frameworks.sh\"\n";
			showEnvVarsInLog = 0;
		};
		BDBC8E1DEAA3E4CD1A131F1A /* [CP] Check Pods Manifest.lock */ = {
			isa = PBXShellScriptBuildPhase;
			buildActionMask = 2147483647;
			files = (
			);
			inputFileListPaths = (
			);
			inputPaths = (
				"${PODS_PODFILE_DIR_PATH}/Podfile.lock",
				"${PODS_ROOT}/Manifest.lock",
			);
			name = "[CP] Check Pods Manifest.lock";
			outputFileListPaths = (
			);
			outputPaths = (
				"$(DERIVED_FILE_DIR)/Pods-GitIssuesExample-checkManifestLockResult.txt",
			);
			runOnlyForDeploymentPostprocessing = 0;
			shellPath = /bin/sh;
			shellScript = "diff \"${PODS_PODFILE_DIR_PATH}/Podfile.lock\" \"${PODS_ROOT}/Manifest.lock\" > /dev/null\nif [ $? != 0 ] ; then\n    # print error to STDERR\n    echo \"error: The sandbox is not in sync with the Podfile.lock. Run 'pod install' or update your CocoaPods installation.\" >&2\n    exit 1\nfi\n# This output is used by Xcode 'outputs' to avoid re-running this script phase.\necho \"SUCCESS\" > \"${SCRIPT_OUTPUT_FILE_0}\"\n";
			showEnvVarsInLog = 0;
		};
/* End PBXShellScriptBuildPhase section */

/* Begin PBXSourcesBuildPhase section */
		5FCCF0E327E17713003F8C15 /* Sources */ = {
			isa = PBXSourcesBuildPhase;
			buildActionMask = 2147483647;
			files = (
				5FD455B227E1955500E19829 /* ImageCollectionViewCell.swift in Sources */,
				5FD4559E27E184E300E19829 /* DebugLog.swift in Sources */,
				5FCD685E28DDEF650091F5C3 /* ImageLoader.swift in Sources */,
				5FD455A127E1852300E19829 /* BaseViewController.swift in Sources */,
				5FD455AF27E1954C00E19829 /* TitleCellReactor.swift in Sources */,
				5FD455C427E1BCD300E19829 /* DetailViewController.swift in Sources */,
				5FD455B727E196D300E19829 /* BaseCollectionViewCell.swift in Sources */,
				5FD4559027E1817700E19829 /* HomeRouter.swift in Sources */,
				5F1C2BBB28DDC81A0094F8E0 /* ApiTargetType.swift in Sources */,
				5FCD686028DDF2B00091F5C3 /* UIImageView + Extension.swift in Sources */,
				5FD4559C27E1845C00E19829 /* HomeApi.swift in Sources */,
				5FD455B527E1959F00E19829 /* RepoSection.swift in Sources */,
				5FD455BC27E19AE300E19829 /* RepoEntities.swift in Sources */,
				5FD4559A27E182FA00E19829 /* HomeRepositories.swift in Sources */,
				5FD4559727E182A100E19829 /* HomeViewViewController.swift in Sources */,
				5FCCF0EB27E17713003F8C15 /* AppDelegate.swift in Sources */,
				5FD4559827E182A100E19829 /* HomeViewReactor.swift in Sources */,
				5FD4559527E182A100E19829 /* HomeViewEffector.swift in Sources */,
				5FD455AE27E1954C00E19829 /* TitleCollectionViewCell.swift in Sources */,
				5FCCF10627E17B4B003F8C15 /* NetworkingProtocol.swift in Sources */,
				5FD455B327E1955500E19829 /* ImageCellReactor.swift in Sources */,
			);
			runOnlyForDeploymentPostprocessing = 0;
		};
/* End PBXSourcesBuildPhase section */

/* Begin PBXVariantGroup section */
		5FCCF0F527E17714003F8C15 /* LaunchScreen.storyboard */ = {
			isa = PBXVariantGroup;
			children = (
				5FCCF0F627E17714003F8C15 /* Base */,
			);
			name = LaunchScreen.storyboard;
			sourceTree = "<group>";
		};
/* End PBXVariantGroup section */

/* Begin XCBuildConfiguration section */
		5FCCF0F927E17714003F8C15 /* Debug */ = {
			isa = XCBuildConfiguration;
			buildSettings = {
				ALWAYS_SEARCH_USER_PATHS = NO;
				CLANG_ANALYZER_NONNULL = YES;
				CLANG_ANALYZER_NUMBER_OBJECT_CONVERSION = YES_AGGRESSIVE;
				CLANG_CXX_LANGUAGE_STANDARD = "gnu++17";
				CLANG_ENABLE_MODULES = YES;
				CLANG_ENABLE_OBJC_ARC = YES;
				CLANG_ENABLE_OBJC_WEAK = YES;
				CLANG_WARN_BLOCK_CAPTURE_AUTORELEASING = YES;
				CLANG_WARN_BOOL_CONVERSION = YES;
				CLANG_WARN_COMMA = YES;
				CLANG_WARN_CONSTANT_CONVERSION = YES;
				CLANG_WARN_DEPRECATED_OBJC_IMPLEMENTATIONS = YES;
				CLANG_WARN_DIRECT_OBJC_ISA_USAGE = YES_ERROR;
				CLANG_WARN_DOCUMENTATION_COMMENTS = YES;
				CLANG_WARN_EMPTY_BODY = YES;
				CLANG_WARN_ENUM_CONVERSION = YES;
				CLANG_WARN_INFINITE_RECURSION = YES;
				CLANG_WARN_INT_CONVERSION = YES;
				CLANG_WARN_NON_LITERAL_NULL_CONVERSION = YES;
				CLANG_WARN_OBJC_IMPLICIT_RETAIN_SELF = YES;
				CLANG_WARN_OBJC_LITERAL_CONVERSION = YES;
				CLANG_WARN_OBJC_ROOT_CLASS = YES_ERROR;
				CLANG_WARN_QUOTED_INCLUDE_IN_FRAMEWORK_HEADER = YES;
				CLANG_WARN_RANGE_LOOP_ANALYSIS = YES;
				CLANG_WARN_STRICT_PROTOTYPES = YES;
				CLANG_WARN_SUSPICIOUS_MOVE = YES;
				CLANG_WARN_UNGUARDED_AVAILABILITY = YES_AGGRESSIVE;
				CLANG_WARN_UNREACHABLE_CODE = YES;
				CLANG_WARN__DUPLICATE_METHOD_MATCH = YES;
				COPY_PHASE_STRIP = NO;
				DEBUG_INFORMATION_FORMAT = dwarf;
				ENABLE_STRICT_OBJC_MSGSEND = YES;
				ENABLE_TESTABILITY = YES;
				GCC_C_LANGUAGE_STANDARD = gnu11;
				GCC_DYNAMIC_NO_PIC = NO;
				GCC_NO_COMMON_BLOCKS = YES;
				GCC_OPTIMIZATION_LEVEL = 0;
				GCC_PREPROCESSOR_DEFINITIONS = (
					"DEBUG=1",
					"$(inherited)",
				);
				GCC_WARN_64_TO_32_BIT_CONVERSION = YES;
				GCC_WARN_ABOUT_RETURN_TYPE = YES_ERROR;
				GCC_WARN_UNDECLARED_SELECTOR = YES;
				GCC_WARN_UNINITIALIZED_AUTOS = YES_AGGRESSIVE;
				GCC_WARN_UNUSED_FUNCTION = YES;
				GCC_WARN_UNUSED_VARIABLE = YES;
				IPHONEOS_DEPLOYMENT_TARGET = 15.4;
				MTL_ENABLE_DEBUG_INFO = INCLUDE_SOURCE;
				MTL_FAST_MATH = YES;
				ONLY_ACTIVE_ARCH = YES;
				SDKROOT = iphoneos;
				SWIFT_ACTIVE_COMPILATION_CONDITIONS = DEBUG;
				SWIFT_OPTIMIZATION_LEVEL = "-Onone";
			};
			name = Debug;
		};
		5FCCF0FA27E17714003F8C15 /* Release */ = {
			isa = XCBuildConfiguration;
			buildSettings = {
				ALWAYS_SEARCH_USER_PATHS = NO;
				CLANG_ANALYZER_NONNULL = YES;
				CLANG_ANALYZER_NUMBER_OBJECT_CONVERSION = YES_AGGRESSIVE;
				CLANG_CXX_LANGUAGE_STANDARD = "gnu++17";
				CLANG_ENABLE_MODULES = YES;
				CLANG_ENABLE_OBJC_ARC = YES;
				CLANG_ENABLE_OBJC_WEAK = YES;
				CLANG_WARN_BLOCK_CAPTURE_AUTORELEASING = YES;
				CLANG_WARN_BOOL_CONVERSION = YES;
				CLANG_WARN_COMMA = YES;
				CLANG_WARN_CONSTANT_CONVERSION = YES;
				CLANG_WARN_DEPRECATED_OBJC_IMPLEMENTATIONS = YES;
				CLANG_WARN_DIRECT_OBJC_ISA_USAGE = YES_ERROR;
				CLANG_WARN_DOCUMENTATION_COMMENTS = YES;
				CLANG_WARN_EMPTY_BODY = YES;
				CLANG_WARN_ENUM_CONVERSION = YES;
				CLANG_WARN_INFINITE_RECURSION = YES;
				CLANG_WARN_INT_CONVERSION = YES;
				CLANG_WARN_NON_LITERAL_NULL_CONVERSION = YES;
				CLANG_WARN_OBJC_IMPLICIT_RETAIN_SELF = YES;
				CLANG_WARN_OBJC_LITERAL_CONVERSION = YES;
				CLANG_WARN_OBJC_ROOT_CLASS = YES_ERROR;
				CLANG_WARN_QUOTED_INCLUDE_IN_FRAMEWORK_HEADER = YES;
				CLANG_WARN_RANGE_LOOP_ANALYSIS = YES;
				CLANG_WARN_STRICT_PROTOTYPES = YES;
				CLANG_WARN_SUSPICIOUS_MOVE = YES;
				CLANG_WARN_UNGUARDED_AVAILABILITY = YES_AGGRESSIVE;
				CLANG_WARN_UNREACHABLE_CODE = YES;
				CLANG_WARN__DUPLICATE_METHOD_MATCH = YES;
				COPY_PHASE_STRIP = NO;
				DEBUG_INFORMATION_FORMAT = "dwarf-with-dsym";
				ENABLE_NS_ASSERTIONS = NO;
				ENABLE_STRICT_OBJC_MSGSEND = YES;
				GCC_C_LANGUAGE_STANDARD = gnu11;
				GCC_NO_COMMON_BLOCKS = YES;
				GCC_WARN_64_TO_32_BIT_CONVERSION = YES;
				GCC_WARN_ABOUT_RETURN_TYPE = YES_ERROR;
				GCC_WARN_UNDECLARED_SELECTOR = YES;
				GCC_WARN_UNINITIALIZED_AUTOS = YES_AGGRESSIVE;
				GCC_WARN_UNUSED_FUNCTION = YES;
				GCC_WARN_UNUSED_VARIABLE = YES;
				IPHONEOS_DEPLOYMENT_TARGET = 15.4;
				MTL_ENABLE_DEBUG_INFO = NO;
				MTL_FAST_MATH = YES;
				SDKROOT = iphoneos;
				SWIFT_COMPILATION_MODE = wholemodule;
				SWIFT_OPTIMIZATION_LEVEL = "-O";
				VALIDATE_PRODUCT = YES;
			};
			name = Release;
		};
		5FCCF0FC27E17714003F8C15 /* Debug */ = {
			isa = XCBuildConfiguration;
			baseConfigurationReference = 1A95CD4617FA9C5DB1234131 /* Pods-GitIssuesExample.debug.xcconfig */;
			buildSettings = {
				ASSETCATALOG_COMPILER_APPICON_NAME = AppIcon;
				ASSETCATALOG_COMPILER_GLOBAL_ACCENT_COLOR_NAME = AccentColor;
				CODE_SIGN_STYLE = Automatic;
				CURRENT_PROJECT_VERSION = 1;
				GENERATE_INFOPLIST_FILE = YES;
				INFOPLIST_FILE = GitIssuesExample/SupportFiles/Info.plist;
				INFOPLIST_KEY_UIApplicationSupportsIndirectInputEvents = YES;
				INFOPLIST_KEY_UILaunchStoryboardName = LaunchScreen;
				INFOPLIST_KEY_UISupportedInterfaceOrientations_iPad = "UIInterfaceOrientationPortrait UIInterfaceOrientationPortraitUpsideDown UIInterfaceOrientationLandscapeLeft UIInterfaceOrientationLandscapeRight";
				INFOPLIST_KEY_UISupportedInterfaceOrientations_iPhone = "UIInterfaceOrientationPortrait UIInterfaceOrientationLandscapeLeft UIInterfaceOrientationLandscapeRight";
				LD_RUNPATH_SEARCH_PATHS = (
					"$(inherited)",
					"@executable_path/Frameworks",
				);
				MARKETING_VERSION = 1.0;
				PRODUCT_BUNDLE_IDENTIFIER = kr.co.hanzo.GitIssuesExample;
				PRODUCT_NAME = "$(TARGET_NAME)";
				SWIFT_EMIT_LOC_STRINGS = YES;
				SWIFT_VERSION = 5.0;
				TARGETED_DEVICE_FAMILY = 1;
			};
			name = Debug;
		};
		5FCCF0FD27E17714003F8C15 /* Release */ = {
			isa = XCBuildConfiguration;
			baseConfigurationReference = A26B647B780D5AA518C29A37 /* Pods-GitIssuesExample.release.xcconfig */;
			buildSettings = {
				ASSETCATALOG_COMPILER_APPICON_NAME = AppIcon;
				ASSETCATALOG_COMPILER_GLOBAL_ACCENT_COLOR_NAME = AccentColor;
				CODE_SIGN_STYLE = Automatic;
				CURRENT_PROJECT_VERSION = 1;
				GENERATE_INFOPLIST_FILE = YES;
				INFOPLIST_FILE = GitIssuesExample/SupportFiles/Info.plist;
				INFOPLIST_KEY_UIApplicationSupportsIndirectInputEvents = YES;
				INFOPLIST_KEY_UILaunchStoryboardName = LaunchScreen;
				INFOPLIST_KEY_UISupportedInterfaceOrientations_iPad = "UIInterfaceOrientationPortrait UIInterfaceOrientationPortraitUpsideDown UIInterfaceOrientationLandscapeLeft UIInterfaceOrientationLandscapeRight";
				INFOPLIST_KEY_UISupportedInterfaceOrientations_iPhone = "UIInterfaceOrientationPortrait UIInterfaceOrientationLandscapeLeft UIInterfaceOrientationLandscapeRight";
				LD_RUNPATH_SEARCH_PATHS = (
					"$(inherited)",
					"@executable_path/Frameworks",
				);
				MARKETING_VERSION = 1.0;
				PRODUCT_BUNDLE_IDENTIFIER = kr.co.hanzo.GitIssuesExample;
				PRODUCT_NAME = "$(TARGET_NAME)";
				SWIFT_EMIT_LOC_STRINGS = YES;
				SWIFT_VERSION = 5.0;
				TARGETED_DEVICE_FAMILY = 1;
			};
			name = Release;
		};
/* End XCBuildConfiguration section */

/* Begin XCConfigurationList section */
		5FCCF0E227E17713003F8C15 /* Build configuration list for PBXProject "GitIssuesExample" */ = {
			isa = XCConfigurationList;
			buildConfigurations = (
				5FCCF0F927E17714003F8C15 /* Debug */,
				5FCCF0FA27E17714003F8C15 /* Release */,
			);
			defaultConfigurationIsVisible = 0;
			defaultConfigurationName = Release;
		};
		5FCCF0FB27E17714003F8C15 /* Build configuration list for PBXNativeTarget "GitIssuesExample" */ = {
			isa = XCConfigurationList;
			buildConfigurations = (
				5FCCF0FC27E17714003F8C15 /* Debug */,
				5FCCF0FD27E17714003F8C15 /* Release */,
			);
			defaultConfigurationIsVisible = 0;
			defaultConfigurationName = Release;
		};
/* End XCConfigurationList section */
	};
	rootObject = 5FCCF0DF27E17713003F8C15 /* Project object */;
}
